
Microsoft Visual Studio Solution File, Format Version 12.00
# Visual Studio Version 16
VisualStudioVersion = 16.0.28917.182
MinimumVisualStudioVersion = 10.0.40219.1
Project("{FAE04EC0-301F-11D3-BF4B-00C04F79EFBC}") = "QAproject", "QAproject\QAproject.csproj", "{03529CD4-087B-4632-9210-D0B74043ECE3}"
EndProject
Global
	GlobalSection(SolutionConfigurationPlatforms) = preSolution
		Debug|Any CPU = Debug|Any CPU
		Release|Any CPU = Release|Any CPU
	EndGlobalSection
	GlobalSection(ProjectConfigurationPlatforms) = postSolution
		{03529CD4-087B-4632-9210-D0B74043ECE3}.Debug|Any CPU.ActiveCfg = Debug|Any CPU
		{03529CD4-087B-4632-9210-D0B74043ECE3}.Debug|Any CPU.Build.0 = Debug|Any CPU
		{03529CD4-087B-4632-9210-D0B74043ECE3}.Release|Any CPU.ActiveCfg = Release|Any CPU
		{03529CD4-087B-4632-9210-D0B74043ECE3}.Release|Any CPU.Build.0 = Release|Any CPU
	EndGlobalSection
	GlobalSection(SolutionProperties) = preSolution
		HideSolutionNode = FALSE
	EndGlobalSection
	GlobalSection(ExtensibilityGlobals) = postSolution
		SolutionGuid = {37824DA7-0FF5-4852-B279-5B2111DD64AA}
	EndGlobalSection
EndGlobal
